
Microsoft Visual Studio Solution File, Format Version 12.00
# Visual Studio Version 16
VisualStudioVersion = 16.0.31515.178
MinimumVisualStudioVersion = 10.0.40219.1
Project("{FAE04EC0-301F-11D3-BF4B-00C04F79EFBC}") = "ConsoleAppSqlAuth", "ConsoleAppSqlAuth\ConsoleAppSqlAuth.csproj", "{98D1C19F-B971-4A13-9A4B-CA10D85AB13A}"
EndProject
Global
	GlobalSection(SolutionConfigurationPlatforms) = preSolution
		Debug|Any CPU = Debug|Any CPU
		Release|Any CPU = Release|Any CPU
	EndGlobalSection
	GlobalSection(ProjectConfigurationPlatforms) = postSolution
		{98D1C19F-B971-4A13-9A4B-CA10D85AB13A}.Debug|Any CPU.ActiveCfg = Debug|Any CPU
		{98D1C19F-B971-4A13-9A4B-CA10D85AB13A}.Debug|Any CPU.Build.0 = Debug|Any CPU
		{98D1C19F-B971-4A13-9A4B-CA10D85AB13A}.Release|Any CPU.ActiveCfg = Release|Any CPU
		{98D1C19F-B971-4A13-9A4B-CA10D85AB13A}.Release|Any CPU.Build.0 = Release|Any CPU
	EndGlobalSection
	GlobalSection(SolutionProperties) = preSolution
		HideSolutionNode = FALSE
	EndGlobalSection
	GlobalSection(ExtensibilityGlobals) = postSolution
		SolutionGuid = {FA71B9A5-0114-45A2-9153-0D886921447A}
	EndGlobalSection
EndGlobal
